// !$*UTF8*$!
{
	archiveVersion = 1;
	classes = {
	};
	objectVersion = 55;
	objects = {

/* Begin PBXBuildFile section */
		866E29D52893E4D1007685EB /* AppDelegate.swift in Sources */ = {isa = PBXBuildFile; fileRef = 866E29D42893E4D1007685EB /* AppDelegate.swift */; };
		866E29D72893E4D1007685EB /* SceneDelegate.swift in Sources */ = {isa = PBXBuildFile; fileRef = 866E29D62893E4D1007685EB /* SceneDelegate.swift */; };
		866E29D92893E4D1007685EB /* ViewController.swift in Sources */ = {isa = PBXBuildFile; fileRef = 866E29D82893E4D1007685EB /* ViewController.swift */; };
		866E29DC2893E4D1007685EB /* Main.storyboard in Resources */ = {isa = PBXBuildFile; fileRef = 866E29DA2893E4D1007685EB /* Main.storyboard */; };
		866E29DE2893E4D5007685EB /* Assets.xcassets in Resources */ = {isa = PBXBuildFile; fileRef = 866E29DD2893E4D5007685EB /* Assets.xcassets */; };
		866E29E12893E4D5007685EB /* LaunchScreen.storyboard in Resources */ = {isa = PBXBuildFile; fileRef = 866E29DF2893E4D5007685EB /* LaunchScreen.storyboard */; };
		866E29E92893E7CC007685EB /* WeatherViewModel.swift in Sources */ = {isa = PBXBuildFile; fileRef = 866E29E82893E7CC007685EB /* WeatherViewModel.swift */; };
		866E29EC2893E88F007685EB /* ServiceModel.swift in Sources */ = {isa = PBXBuildFile; fileRef = 866E29EB2893E88F007685EB /* ServiceModel.swift */; };
		866E29F22893F1A2007685EB /* SecondViewController.swift in Sources */ = {isa = PBXBuildFile; fileRef = 866E29F12893F1A2007685EB /* SecondViewController.swift */; };
/* End PBXBuildFile section */

/* Begin PBXFileReference section */
		866E29D12893E4D1007685EB /* SprybitPractical.app */ = {isa = PBXFileReference; explicitFileType = wrapper.application; includeInIndex = 0; path = SprybitPractical.app; sourceTree = BUILT_PRODUCTS_DIR; };
		866E29D42893E4D1007685EB /* AppDelegate.swift */ = {isa = PBXFileReference; lastKnownFileType = sourcecode.swift; path = AppDelegate.swift; sourceTree = "<group>"; };
		866E29D62893E4D1007685EB /* SceneDelegate.swift */ = {isa = PBXFileReference; lastKnownFileType = sourcecode.swift; path = SceneDelegate.swift; sourceTree = "<group>"; };
		866E29D82893E4D1007685EB /* ViewController.swift */ = {isa = PBXFileReference; lastKnownFileType = sourcecode.swift; path = ViewController.swift; sourceTree = "<group>"; };
		866E29DB2893E4D1007685EB /* Base */ = {isa = PBXFileReference; lastKnownFileType = file.storyboard; name = Base; path = Base.lproj/Main.storyboard; sourceTree = "<group>"; };
		866E29DD2893E4D5007685EB /* Assets.xcassets */ = {isa = PBXFileReference; lastKnownFileType = folder.assetcatalog; path = Assets.xcassets; sourceTree = "<group>"; };
		866E29E02893E4D5007685EB /* Base */ = {isa = PBXFileReference; lastKnownFileType = file.storyboard; name = Base; path = Base.lproj/LaunchScreen.storyboard; sourceTree = "<group>"; };
		866E29E22893E4D5007685EB /* Info.plist */ = {isa = PBXFileReference; lastKnownFileType = text.plist.xml; path = Info.plist; sourceTree = "<group>"; };
		866E29E82893E7CC007685EB /* WeatherViewModel.swift */ = {isa = PBXFileReference; lastKnownFileType = sourcecode.swift; path = WeatherViewModel.swift; sourceTree = "<group>"; };
		866E29EB2893E88F007685EB /* ServiceModel.swift */ = {isa = PBXFileReference; lastKnownFileType = sourcecode.swift; path = ServiceModel.swift; sourceTree = "<group>"; };
		866E29F12893F1A2007685EB /* SecondViewController.swift */ = {isa = PBXFileReference; lastKnownFileType = sourcecode.swift; path = SecondViewController.swift; sourceTree = "<group>"; };
/* End PBXFileReference section */

/* Begin PBXFrameworksBuildPhase section */
		866E29CE2893E4D1007685EB /* Frameworks */ = {
			isa = PBXFrameworksBuildPhase;
			buildActionMask = 2147483647;
			files = (
			);
			runOnlyForDeploymentPostprocessing = 0;
		};
/* End PBXFrameworksBuildPhase section */

/* Begin PBXGroup section */
		866E29C82893E4D1007685EB = {
			isa = PBXGroup;
			children = (
				866E29D32893E4D1007685EB /* SprybitPractical */,
				866E29D22893E4D1007685EB /* Products */,
			);
			sourceTree = "<group>";
		};
		866E29D22893E4D1007685EB /* Products */ = {
			isa = PBXGroup;
			children = (
				866E29D12893E4D1007685EB /* SprybitPractical.app */,
			);
			name = Products;
			sourceTree = "<group>";
		};
		866E29D32893E4D1007685EB /* SprybitPractical */ = {
			isa = PBXGroup;
			children = (
				866E29F52893F1E5007685EB /* StoryBoard */,
				866E29F42893F1C6007685EB /* Resource */,
				866E29EF2893F175007685EB /* Delegate */,
				866E29EE2893F15A007685EB /* WeatherViewModel */,
				866E29ED2893F141007685EB /* ViewControllers */,
				866E29EA2893E866007685EB /* Service */,
			);
			path = SprybitPractical;
			sourceTree = "<group>";
		};
		866E29EA2893E866007685EB /* Service */ = {
			isa = PBXGroup;
			children = (
				866E29EB2893E88F007685EB /* ServiceModel.swift */,
			);
			path = Service;
			sourceTree = "<group>";
		};
		866E29ED2893F141007685EB /* ViewControllers */ = {
			isa = PBXGroup;
			children = (
				866E29F32893F1A8007685EB /* DashboardViewController */,
				866E29F02893F188007685EB /* SecondViewController */,
			);
			path = ViewControllers;
			sourceTree = "<group>";
		};
		866E29EE2893F15A007685EB /* WeatherViewModel */ = {
			isa = PBXGroup;
			children = (
				866E29E82893E7CC007685EB /* WeatherViewModel.swift */,
			);
			path = WeatherViewModel;
			sourceTree = "<group>";
		};
		866E29EF2893F175007685EB /* Delegate */ = {
			isa = PBXGroup;
			children = (
				866E29D42893E4D1007685EB /* AppDelegate.swift */,
				866E29D62893E4D1007685EB /* SceneDelegate.swift */,
			);
			path = Delegate;
			sourceTree = "<group>";
		};
		866E29F02893F188007685EB /* SecondViewController */ = {
			isa = PBXGroup;
			children = (
				866E29F12893F1A2007685EB /* SecondViewController.swift */,
			);
			path = SecondViewController;
			sourceTree = "<group>";
		};
		866E29F32893F1A8007685EB /* DashboardViewController */ = {
			isa = PBXGroup;
			children = (
				866E29D82893E4D1007685EB /* ViewController.swift */,
			);
			path = DashboardViewController;
			sourceTree = "<group>";
		};
		866E29F42893F1C6007685EB /* Resource */ = {
			isa = PBXGroup;
			children = (
				866E29E22893E4D5007685EB /* Info.plist */,
				866E29DD2893E4D5007685EB /* Assets.xcassets */,
			);
			path = Resource;
			sourceTree = "<group>";
		};
		866E29F52893F1E5007685EB /* StoryBoard */ = {
			isa = PBXGroup;
			children = (
				866E29DA2893E4D1007685EB /* Main.storyboard */,
				866E29DF2893E4D5007685EB /* LaunchScreen.storyboard */,
			);
			path = StoryBoard;
			sourceTree = "<group>";
		};
/* End PBXGroup section */

/* Begin PBXNativeTarget section */
		866E29D02893E4D1007685EB /* SprybitPractical */ = {
			isa = PBXNativeTarget;
			buildConfigurationList = 866E29E52893E4D5007685EB /* Build configuration list for PBXNativeTarget "SprybitPractical" */;
			buildPhases = (
				866E29CD2893E4D1007685EB /* Sources */,
				866E29CE2893E4D1007685EB /* Frameworks */,
				866E29CF2893E4D1007685EB /* Resources */,
			);
			buildRules = (
			);
			dependencies = (
			);
			name = SprybitPractical;
			productName = SprybitPractical;
			productReference = 866E29D12893E4D1007685EB /* SprybitPractical.app */;
			productType = "com.apple.product-type.application";
		};
/* End PBXNativeTarget section */

/* Begin PBXProject section */
		866E29C92893E4D1007685EB /* Project object */ = {
			isa = PBXProject;
			attributes = {
				BuildIndependentTargetsInParallel = 1;
				LastSwiftUpdateCheck = 1300;
				LastUpgradeCheck = 1300;
				TargetAttributes = {
					866E29D02893E4D1007685EB = {
						CreatedOnToolsVersion = 13.0;
					};
				};
			};
			buildConfigurationList = 866E29CC2893E4D1007685EB /* Build configuration list for PBXProject "SprybitPractical" */;
			compatibilityVersion = "Xcode 13.0";
			developmentRegion = en;
			hasScannedForEncodings = 0;
			knownRegions = (
				en,
				Base,
			);
			mainGroup = 866E29C82893E4D1007685EB;
			productRefGroup = 866E29D22893E4D1007685EB /* Products */;
			projectDirPath = "";
			projectRoot = "";
			targets = (
				866E29D02893E4D1007685EB /* SprybitPractical */,
			);
		};
/* End PBXProject section */

/* Begin PBXResourcesBuildPhase section */
		866E29CF2893E4D1007685EB /* Resources */ = {
			isa = PBXResourcesBuildPhase;
			buildActionMask = 2147483647;
			files = (
				866E29E12893E4D5007685EB /* LaunchScreen.storyboard in Resources */,
				866E29DE2893E4D5007685EB /* Assets.xcassets in Resources */,
				866E29DC2893E4D1007685EB /* Main.storyboard in Resources */,
			);
			runOnlyForDeploymentPostprocessing = 0;
		};
/* End PBXResourcesBuildPhase section */

/* Begin PBXSourcesBuildPhase section */
		866E29CD2893E4D1007685EB /* Sources */ = {
			isa = PBXSourcesBuildPhase;
			buildActionMask = 2147483647;
			files = (
				866E29F22893F1A2007685EB /* SecondViewController.swift in Sources */,
				866E29EC2893E88F007685EB /* ServiceModel.swift in Sources */,
				866E29D92893E4D1007685EB /* ViewController.swift in Sources */,
				866E29E92893E7CC007685EB /* WeatherViewModel.swift in Sources */,
				866E29D52893E4D1007685EB /* AppDelegate.swift in Sources */,
				866E29D72893E4D1007685EB /* SceneDelegate.swift in Sources */,
			);
			runOnlyForDeploymentPostprocessing = 0;
		};
/* End PBXSourcesBuildPhase section */

/* Begin PBXVariantGroup section */
		866E29DA2893E4D1007685EB /* Main.storyboard */ = {
			isa = PBXVariantGroup;
			children = (
				866E29DB2893E4D1007685EB /* Base */,
			);
			name = Main.storyboard;
			sourceTree = "<group>";
		};
		866E29DF2893E4D5007685EB /* LaunchScreen.storyboard */ = {
			isa = PBXVariantGroup;
			children = (
				866E29E02893E4D5007685EB /* Base */,
			);
			name = LaunchScreen.storyboard;
			sourceTree = "<group>";
		};
/* End PBXVariantGroup section */

/* Begin XCBuildConfiguration section */
		866E29E32893E4D5007685EB /* Debug */ = {
			isa = XCBuildConfiguration;
			buildSettings = {
				ALWAYS_SEARCH_USER_PATHS = NO;
				CLANG_ANALYZER_NONNULL = YES;
				CLANG_ANALYZER_NUMBER_OBJECT_CONVERSION = YES_AGGRESSIVE;
				CLANG_CXX_LANGUAGE_STANDARD = "gnu++17";
				CLANG_CXX_LIBRARY = "libc++";
				CLANG_ENABLE_MODULES = YES;
				CLANG_ENABLE_OBJC_ARC = YES;
				CLANG_ENABLE_OBJC_WEAK = YES;
				CLANG_WARN_BLOCK_CAPTURE_AUTORELEASING = YES;
				CLANG_WARN_BOOL_CONVERSION = YES;
				CLANG_WARN_COMMA = YES;
				CLANG_WARN_CONSTANT_CONVERSION = YES;
				CLANG_WARN_DEPRECATED_OBJC_IMPLEMENTATIONS = YES;
				CLANG_WARN_DIRECT_OBJC_ISA_USAGE = YES_ERROR;
				CLANG_WARN_DOCUMENTATION_COMMENTS = YES;
				CLANG_WARN_EMPTY_BODY = YES;
				CLANG_WARN_ENUM_CONVERSION = YES;
				CLANG_WARN_INFINITE_RECURSION = YES;
				CLANG_WARN_INT_CONVERSION = YES;
				CLANG_WARN_NON_LITERAL_NULL_CONVERSION = YES;
				CLANG_WARN_OBJC_IMPLICIT_RETAIN_SELF = YES;
				CLANG_WARN_OBJC_LITERAL_CONVERSION = YES;
				CLANG_WARN_OBJC_ROOT_CLASS = YES_ERROR;
				CLANG_WARN_QUOTED_INCLUDE_IN_FRAMEWORK_HEADER = YES;
				CLANG_WARN_RANGE_LOOP_ANALYSIS = YES;
				CLANG_WARN_STRICT_PROTOTYPES = YES;
				CLANG_WARN_SUSPICIOUS_MOVE = YES;
				CLANG_WARN_UNGUARDED_AVAILABILITY = YES_AGGRESSIVE;
				CLANG_WARN_UNREACHABLE_CODE = YES;
				CLANG_WARN__DUPLICATE_METHOD_MATCH = YES;
				COPY_PHASE_STRIP = NO;
				DEBUG_INFORMATION_FORMAT = dwarf;
				ENABLE_STRICT_OBJC_MSGSEND = YES;
				ENABLE_TESTABILITY = YES;
				GCC_C_LANGUAGE_STANDARD = gnu11;
				GCC_DYNAMIC_NO_PIC = NO;
				GCC_NO_COMMON_BLOCKS = YES;
				GCC_OPTIMIZATION_LEVEL = 0;
				GCC_PREPROCESSOR_DEFINITIONS = (
					"DEBUG=1",
					"$(inherited)",
				);
				GCC_WARN_64_TO_32_BIT_CONVERSION = YES;
				GCC_WARN_ABOUT_RETURN_TYPE = YES_ERROR;
				GCC_WARN_UNDECLARED_SELECTOR = YES;
				GCC_WARN_UNINITIALIZED_AUTOS = YES_AGGRESSIVE;
				GCC_WARN_UNUSED_FUNCTION = YES;
				GCC_WARN_UNUSED_VARIABLE = YES;
				IPHONEOS_DEPLOYMENT_TARGET = 15.0;
				MTL_ENABLE_DEBUG_INFO = INCLUDE_SOURCE;
				MTL_FAST_MATH = YES;
				ONLY_ACTIVE_ARCH = YES;
				SDKROOT = iphoneos;
				SWIFT_ACTIVE_COMPILATION_CONDITIONS = DEBUG;
				SWIFT_OPTIMIZATION_LEVEL = "-Onone";
			};
			name = Debug;
		};
		866E29E42893E4D5007685EB /* Release */ = {
			isa = XCBuildConfiguration;
			buildSettings = {
				ALWAYS_SEARCH_USER_PATHS = NO;
				CLANG_ANALYZER_NONNULL = YES;
				CLANG_ANALYZER_NUMBER_OBJECT_CONVERSION = YES_AGGRESSIVE;
				CLANG_CXX_LANGUAGE_STANDARD = "gnu++17";
				CLANG_CXX_LIBRARY = "libc++";
				CLANG_ENABLE_MODULES = YES;
				CLANG_ENABLE_OBJC_ARC = YES;
				CLANG_ENABLE_OBJC_WEAK = YES;
				CLANG_WARN_BLOCK_CAPTURE_AUTORELEASING = YES;
				CLANG_WARN_BOOL_CONVERSION = YES;
				CLANG_WARN_COMMA = YES;
				CLANG_WARN_CONSTANT_CONVERSION = YES;
				CLANG_WARN_DEPRECATED_OBJC_IMPLEMENTATIONS = YES;
				CLANG_WARN_DIRECT_OBJC_ISA_USAGE = YES_ERROR;
				CLANG_WARN_DOCUMENTATION_COMMENTS = YES;
				CLANG_WARN_EMPTY_BODY = YES;
				CLANG_WARN_ENUM_CONVERSION = YES;
				CLANG_WARN_INFINITE_RECURSION = YES;
				CLANG_WARN_INT_CONVERSION = YES;
				CLANG_WARN_NON_LITERAL_NULL_CONVERSION = YES;
				CLANG_WARN_OBJC_IMPLICIT_RETAIN_SELF = YES;
				CLANG_WARN_OBJC_LITERAL_CONVERSION = YES;
				CLANG_WARN_OBJC_ROOT_CLASS = YES_ERROR;
				CLANG_WARN_QUOTED_INCLUDE_IN_FRAMEWORK_HEADER = YES;
				CLANG_WARN_RANGE_LOOP_ANALYSIS = YES;
				CLANG_WARN_STRICT_PROTOTYPES = YES;
				CLANG_WARN_SUSPICIOUS_MOVE = YES;
				CLANG_WARN_UNGUARDED_AVAILABILITY = YES_AGGRESSIVE;
				CLANG_WARN_UNREACHABLE_CODE = YES;
				CLANG_WARN__DUPLICATE_METHOD_MATCH = YES;
				COPY_PHASE_STRIP = NO;
				DEBUG_INFORMATION_FORMAT = "dwarf-with-dsym";
				ENABLE_NS_ASSERTIONS = NO;
				ENABLE_STRICT_OBJC_MSGSEND = YES;
				GCC_C_LANGUAGE_STANDARD = gnu11;
				GCC_NO_COMMON_BLOCKS = YES;
				GCC_WARN_64_TO_32_BIT_CONVERSION = YES;
				GCC_WARN_ABOUT_RETURN_TYPE = YES_ERROR;
				GCC_WARN_UNDECLARED_SELECTOR = YES;
				GCC_WARN_UNINITIALIZED_AUTOS = YES_AGGRESSIVE;
				GCC_WARN_UNUSED_FUNCTION = YES;
				GCC_WARN_UNUSED_VARIABLE = YES;
				IPHONEOS_DEPLOYMENT_TARGET = 15.0;
				MTL_ENABLE_DEBUG_INFO = NO;
				MTL_FAST_MATH = YES;
				SDKROOT = iphoneos;
				SWIFT_COMPILATION_MODE = wholemodule;
				SWIFT_OPTIMIZATION_LEVEL = "-O";
				VALIDATE_PRODUCT = YES;
			};
			name = Release;
		};
		866E29E62893E4D5007685EB /* Debug */ = {
			isa = XCBuildConfiguration;
			buildSettings = {
				ASSETCATALOG_COMPILER_APPICON_NAME = AppIcon;
				ASSETCATALOG_COMPILER_GLOBAL_ACCENT_COLOR_NAME = AccentColor;
				CODE_SIGN_STYLE = Automatic;
				CURRENT_PROJECT_VERSION = 1;
				GENERATE_INFOPLIST_FILE = YES;
				INFOPLIST_FILE = SprybitPractical/Resource/Info.plist;
				INFOPLIST_KEY_UIApplicationSupportsIndirectInputEvents = YES;
				INFOPLIST_KEY_UILaunchStoryboardName = LaunchScreen;
				INFOPLIST_KEY_UIMainStoryboardFile = Main;
				INFOPLIST_KEY_UISupportedInterfaceOrientations_iPad = "UIInterfaceOrientationPortrait UIInterfaceOrientationPortraitUpsideDown UIInterfaceOrientationLandscapeLeft UIInterfaceOrientationLandscapeRight";
				INFOPLIST_KEY_UISupportedInterfaceOrientations_iPhone = "UIInterfaceOrientationPortrait UIInterfaceOrientationLandscapeLeft UIInterfaceOrientationLandscapeRight";
				LD_RUNPATH_SEARCH_PATHS = (
					"$(inherited)",
					"@executable_path/Frameworks",
				);
				MARKETING_VERSION = 1.0;
				PRODUCT_BUNDLE_IDENTIFIER = Jay.SprybitPractical;
				PRODUCT_NAME = "$(TARGET_NAME)";
				SWIFT_EMIT_LOC_STRINGS = YES;
				SWIFT_VERSION = 5.0;
				TARGETED_DEVICE_FAMILY = "1,2";
			};
			name = Debug;
		};
		866E29E72893E4D5007685EB /* Release */ = {
			isa = XCBuildConfiguration;
			buildSettings = {
				ASSETCATALOG_COMPILER_APPICON_NAME = AppIcon;
				ASSETCATALOG_COMPILER_GLOBAL_ACCENT_COLOR_NAME = AccentColor;
				CODE_SIGN_STYLE = Automatic;
				CURRENT_PROJECT_VERSION = 1;
				GENERATE_INFOPLIST_FILE = YES;
				INFOPLIST_FILE = SprybitPractical/Resource/Info.plist;
				INFOPLIST_KEY_UIApplicationSupportsIndirectInputEvents = YES;
				INFOPLIST_KEY_UILaunchStoryboardName = LaunchScreen;
				INFOPLIST_KEY_UIMainStoryboardFile = Main;
				INFOPLIST_KEY_UISupportedInterfaceOrientations_iPad = "UIInterfaceOrientationPortrait UIInterfaceOrientationPortraitUpsideDown UIInterfaceOrientationLandscapeLeft UIInterfaceOrientationLandscapeRight";
				INFOPLIST_KEY_UISupportedInterfaceOrientations_iPhone = "UIInterfaceOrientationPortrait UIInterfaceOrientationLandscapeLeft UIInterfaceOrientationLandscapeRight";
				LD_RUNPATH_SEARCH_PATHS = (
					"$(inherited)",
					"@executable_path/Frameworks",
				);
				MARKETING_VERSION = 1.0;
				PRODUCT_BUNDLE_IDENTIFIER = Jay.SprybitPractical;
				PRODUCT_NAME = "$(TARGET_NAME)";
				SWIFT_EMIT_LOC_STRINGS = YES;
				SWIFT_VERSION = 5.0;
				TARGETED_DEVICE_FAMILY = "1,2";
			};
			name = Release;
		};
/* End XCBuildConfiguration section */

/* Begin XCConfigurationList section */
		866E29CC2893E4D1007685EB /* Build configuration list for PBXProject "SprybitPractical" */ = {
			isa = XCConfigurationList;
			buildConfigurations = (
				866E29E32893E4D5007685EB /* Debug */,
				866E29E42893E4D5007685EB /* Release */,
			);
			defaultConfigurationIsVisible = 0;
			defaultConfigurationName = Release;
		};
		866E29E52893E4D5007685EB /* Build configuration list for PBXNativeTarget "SprybitPractical" */ = {
			isa = XCConfigurationList;
			buildConfigurations = (
				866E29E62893E4D5007685EB /* Debug */,
				866E29E72893E4D5007685EB /* Release */,
			);
			defaultConfigurationIsVisible = 0;
			defaultConfigurationName = Release;
		};
/* End XCConfigurationList section */
	};
	rootObject = 866E29C92893E4D1007685EB /* Project object */;
}
